// !$*UTF8*$!
{
	archiveVersion = 1;
	classes = {
	};
	objectVersion = 46;
	objects = {

/* Begin PBXBuildFile section */
		18058AAF1E63B4EA00EAECDC /* FLLTest6ViewController.swift in Sources */ = {isa = PBXBuildFile; fileRef = 18058AAE1E63B4EA00EAECDC /* FLLTest6ViewController.swift */; };
		184243081E327F0800E2CCE1 /* FLLTest5ViewController.swift in Sources */ = {isa = PBXBuildFile; fileRef = 184243071E327F0800E2CCE1 /* FLLTest5ViewController.swift */; };
		1890A21A1EDF96C800D61C1A /* TangramKit.swift in Sources */ = {isa = PBXBuildFile; fileRef = 681BD9011E0B92E100403A1F /* TangramKit.swift */; };
		1890A21B1EDF96C800D61C1A /* TGBaseLayout.swift in Sources */ = {isa = PBXBuildFile; fileRef = 681BD9021E0B92E100403A1F /* TGBaseLayout.swift */; };
		1890A21C1EDF96C800D61C1A /* TGDimeAdapter.swift in Sources */ = {isa = PBXBuildFile; fileRef = 681BD9031E0B92E100403A1F /* TGDimeAdapter.swift */; };
		1890A21D1EDF96C800D61C1A /* TGFloatLayout.swift in Sources */ = {isa = PBXBuildFile; fileRef = 681BD9041E0B92E100403A1F /* TGFloatLayout.swift */; };
		1890A21E1EDF96C800D61C1A /* TGFlowLayout.swift in Sources */ = {isa = PBXBuildFile; fileRef = 681BD9051E0B92E100403A1F /* TGFlowLayout.swift */; };
		1890A21F1EDF96C800D61C1A /* TGFrameLayout.swift in Sources */ = {isa = PBXBuildFile; fileRef = 681BD9061E0B92E100403A1F /* TGFrameLayout.swift */; };
		1890A2201EDF96C800D61C1A /* TGLayoutPos.swift in Sources */ = {isa = PBXBuildFile; fileRef = 681BD9071E0B92E100403A1F /* TGLayoutPos.swift */; };
		1890A2211EDF96C800D61C1A /* TGLayoutSize.swift in Sources */ = {isa = PBXBuildFile; fileRef = 681BD9081E0B92E100403A1F /* TGLayoutSize.swift */; };
		1890A2221EDF96C800D61C1A /* TGLayoutSizeClass.swift in Sources */ = {isa = PBXBuildFile; fileRef = 681BD9091E0B92E100403A1F /* TGLayoutSizeClass.swift */; };
		1890A2231EDF96C800D61C1A /* TGLinearLayout.swift in Sources */ = {isa = PBXBuildFile; fileRef = 681BD90A1E0B92E100403A1F /* TGLinearLayout.swift */; };
		1890A2241EDF96C800D61C1A /* TGPathLayout.swift in Sources */ = {isa = PBXBuildFile; fileRef = 681BD90B1E0B92E100403A1F /* TGPathLayout.swift */; };
		1890A2251EDF96C800D61C1A /* TGRelativeLayout.swift in Sources */ = {isa = PBXBuildFile; fileRef = 681BD90C1E0B92E100403A1F /* TGRelativeLayout.swift */; };
		1890A2261EDF96C800D61C1A /* TGTableLayout.swift in Sources */ = {isa = PBXBuildFile; fileRef = 681BD90D1E0B92E100403A1F /* TGTableLayout.swift */; };
		18BCBD461E1336D900AC7766 /* AllTest8ViewController.swift in Sources */ = {isa = PBXBuildFile; fileRef = 18BCBD451E1336D900AC7766 /* AllTest8ViewController.swift */; };
		204DC323209E0BC000F6CB57 /* TLTest4ViewController.swift in Sources */ = {isa = PBXBuildFile; fileRef = 204DC322209E0BC000F6CB57 /* TLTest4ViewController.swift */; };
		20B6C6E71FA40AEC001D51C7 /* DetailViewController.swift in Sources */ = {isa = PBXBuildFile; fileRef = 20B6C6E61FA40AEC001D51C7 /* DetailViewController.swift */; };
		20DCF335208CD022007A879B /* FOLTest7ViewController.swift in Sources */ = {isa = PBXBuildFile; fileRef = 20DCF334208CD022007A879B /* FOLTest7ViewController.swift */; };
		20FC8FE220A4241D0029DE31 /* FLLTest7ViewController.swift in Sources */ = {isa = PBXBuildFile; fileRef = 20FC8FE120A4241D0029DE31 /* FLLTest7ViewController.swift */; };
		4680F8FD211583FF00BFB765 /* FLLTest8ViewController.swift in Sources */ = {isa = PBXBuildFile; fileRef = 4680F8FC211583FF00BFB765 /* FLLTest8ViewController.swift */; };
		4680F8FF2115891600BFB765 /* AllTest9ViewController.swift in Sources */ = {isa = PBXBuildFile; fileRef = 4680F8FE2115891600BFB765 /* AllTest9ViewController.swift */; };
		681BD8DF1E0B91A500403A1F /* TangramKit.h in Headers */ = {isa = PBXBuildFile; fileRef = 681BD8DD1E0B91A500403A1F /* TangramKit.h */; settings = {ATTRIBUTES = (Public, ); }; };
		681BD90F1E0B92E100403A1F /* TangramKit.swift in Sources */ = {isa = PBXBuildFile; fileRef = 681BD9011E0B92E100403A1F /* TangramKit.swift */; };
		681BD9111E0B92E100403A1F /* TGBaseLayout.swift in Sources */ = {isa = PBXBuildFile; fileRef = 681BD9021E0B92E100403A1F /* TGBaseLayout.swift */; };
		681BD9131E0B92E100403A1F /* TGDimeAdapter.swift in Sources */ = {isa = PBXBuildFile; fileRef = 681BD9031E0B92E100403A1F /* TGDimeAdapter.swift */; };
		681BD9151E0B92E100403A1F /* TGFloatLayout.swift in Sources */ = {isa = PBXBuildFile; fileRef = 681BD9041E0B92E100403A1F /* TGFloatLayout.swift */; };
		681BD9171E0B92E100403A1F /* TGFlowLayout.swift in Sources */ = {isa = PBXBuildFile; fileRef = 681BD9051E0B92E100403A1F /* TGFlowLayout.swift */; };
		681BD9191E0B92E100403A1F /* TGFrameLayout.swift in Sources */ = {isa = PBXBuildFile; fileRef = 681BD9061E0B92E100403A1F /* TGFrameLayout.swift */; };
		681BD91B1E0B92E100403A1F /* TGLayoutPos.swift in Sources */ = {isa = PBXBuildFile; fileRef = 681BD9071E0B92E100403A1F /* TGLayoutPos.swift */; };
		681BD91D1E0B92E100403A1F /* TGLayoutSize.swift in Sources */ = {isa = PBXBuildFile; fileRef = 681BD9081E0B92E100403A1F /* TGLayoutSize.swift */; };
		681BD91F1E0B92E100403A1F /* TGLayoutSizeClass.swift in Sources */ = {isa = PBXBuildFile; fileRef = 681BD9091E0B92E100403A1F /* TGLayoutSizeClass.swift */; };
		681BD9211E0B92E100403A1F /* TGLinearLayout.swift in Sources */ = {isa = PBXBuildFile; fileRef = 681BD90A1E0B92E100403A1F /* TGLinearLayout.swift */; };
		681BD9231E0B92E100403A1F /* TGPathLayout.swift in Sources */ = {isa = PBXBuildFile; fileRef = 681BD90B1E0B92E100403A1F /* TGPathLayout.swift */; };
		681BD9251E0B92E100403A1F /* TGRelativeLayout.swift in Sources */ = {isa = PBXBuildFile; fileRef = 681BD90C1E0B92E100403A1F /* TGRelativeLayout.swift */; };
		681BD9271E0B92E100403A1F /* TGTableLayout.swift in Sources */ = {isa = PBXBuildFile; fileRef = 681BD90D1E0B92E100403A1F /* TGTableLayout.swift */; };
		68F0363C1E0B7D2700CEBAEF /* AppDelegate.swift in Sources */ = {isa = PBXBuildFile; fileRef = 68F035E71E0B7D2700CEBAEF /* AppDelegate.swift */; };
		68F0363D1E0B7D2700CEBAEF /* CFTool.swift in Sources */ = {isa = PBXBuildFile; fileRef = 68F035E81E0B7D2700CEBAEF /* CFTool.swift */; };
		68F0363E1E0B7D2700CEBAEF /* LaunchScreen.storyboard in Resources */ = {isa = PBXBuildFile; fileRef = 68F035E91E0B7D2700CEBAEF /* LaunchScreen.storyboard */; };
		68F0363F1E0B7D2700CEBAEF /* FOLTest1ViewController.swift in Sources */ = {isa = PBXBuildFile; fileRef = 68F035EC1E0B7D2700CEBAEF /* FOLTest1ViewController.swift */; };
		68F036401E0B7D2700CEBAEF /* FOLTest2DataModel.plist in Resources */ = {isa = PBXBuildFile; fileRef = 68F035ED1E0B7D2700CEBAEF /* FOLTest2DataModel.plist */; };
		68F036411E0B7D2700CEBAEF /* FOLTest2ViewController.swift in Sources */ = {isa = PBXBuildFile; fileRef = 68F035EE1E0B7D2700CEBAEF /* FOLTest2ViewController.swift */; };
		68F036421E0B7D2700CEBAEF /* FOLTest3ViewController.swift in Sources */ = {isa = PBXBuildFile; fileRef = 68F035EF1E0B7D2700CEBAEF /* FOLTest3ViewController.swift */; };
		68F036431E0B7D2700CEBAEF /* FOLTest4DataModel.plist in Resources */ = {isa = PBXBuildFile; fileRef = 68F035F01E0B7D2700CEBAEF /* FOLTest4DataModel.plist */; };
		68F036441E0B7D2700CEBAEF /* FOLTest4ViewController.swift in Sources */ = {isa = PBXBuildFile; fileRef = 68F035F11E0B7D2700CEBAEF /* FOLTest4ViewController.swift */; };
		68F036451E0B7D2700CEBAEF /* FOLTest5ViewController.swift in Sources */ = {isa = PBXBuildFile; fileRef = 68F035F21E0B7D2700CEBAEF /* FOLTest5ViewController.swift */; };
		68F036461E0B7D2700CEBAEF /* FOLTest6ViewController.swift in Sources */ = {isa = PBXBuildFile; fileRef = 68F035F31E0B7D2700CEBAEF /* FOLTest6ViewController.swift */; };
		68F036471E0B7D2700CEBAEF /* FLLTest1ViewController.swift in Sources */ = {isa = PBXBuildFile; fileRef = 68F035F51E0B7D2700CEBAEF /* FLLTest1ViewController.swift */; };
		68F036481E0B7D2700CEBAEF /* FLLTest2ViewController.swift in Sources */ = {isa = PBXBuildFile; fileRef = 68F035F61E0B7D2700CEBAEF /* FLLTest2ViewController.swift */; };
		68F036491E0B7D2700CEBAEF /* FLLTest3ViewController.swift in Sources */ = {isa = PBXBuildFile; fileRef = 68F035F71E0B7D2700CEBAEF /* FLLTest3ViewController.swift */; };
		68F0364A1E0B7D2700CEBAEF /* FLLTest4ViewController.swift in Sources */ = {isa = PBXBuildFile; fileRef = 68F035F81E0B7D2700CEBAEF /* FLLTest4ViewController.swift */; };
		68F0364B1E0B7D2700CEBAEF /* FLTest1ViewController.swift in Sources */ = {isa = PBXBuildFile; fileRef = 68F035FA1E0B7D2700CEBAEF /* FLTest1ViewController.swift */; };
		68F0364C1E0B7D2700CEBAEF /* FLTest2ViewController.swift in Sources */ = {isa = PBXBuildFile; fileRef = 68F035FB1E0B7D2700CEBAEF /* FLTest2ViewController.swift */; };
		68F0364D1E0B7D2700CEBAEF /* Images.xcassets in Resources */ = {isa = PBXBuildFile; fileRef = 68F035FC1E0B7D2700CEBAEF /* Images.xcassets */; };
		68F0364F1E0B7D2700CEBAEF /* AllTest1ViewController.swift in Sources */ = {isa = PBXBuildFile; fileRef = 68F035FF1E0B7D2700CEBAEF /* AllTest1ViewController.swift */; };
		68F036501E0B7D2700CEBAEF /* AllTest2ViewController.swift in Sources */ = {isa = PBXBuildFile; fileRef = 68F036001E0B7D2700CEBAEF /* AllTest2ViewController.swift */; };
		68F036511E0B7D2700CEBAEF /* AllTest3ViewController.swift in Sources */ = {isa = PBXBuildFile; fileRef = 68F036011E0B7D2700CEBAEF /* AllTest3ViewController.swift */; };
		68F036521E0B7D2700CEBAEF /* AllTest4ViewController.swift in Sources */ = {isa = PBXBuildFile; fileRef = 68F036021E0B7D2700CEBAEF /* AllTest4ViewController.swift */; };
		68F036531E0B7D2700CEBAEF /* AllTest5ViewController.swift in Sources */ = {isa = PBXBuildFile; fileRef = 68F036031E0B7D2700CEBAEF /* AllTest5ViewController.swift */; };
		68F036541E0B7D2700CEBAEF /* AllTest6ViewController.swift in Sources */ = {isa = PBXBuildFile; fileRef = 68F036041E0B7D2700CEBAEF /* AllTest6ViewController.swift */; };
		68F036551E0B7D2700CEBAEF /* AllTest7ViewController.swift in Sources */ = {isa = PBXBuildFile; fileRef = 68F036051E0B7D2700CEBAEF /* AllTest7ViewController.swift */; };
		68F036561E0B7D2700CEBAEF /* AllTest1TableViewCell.swift in Sources */ = {isa = PBXBuildFile; fileRef = 68F036071E0B7D2700CEBAEF /* AllTest1TableViewCell.swift */; };
		68F036571E0B7D2700CEBAEF /* AllTest1TableViewHeaderFooterView.swift in Sources */ = {isa = PBXBuildFile; fileRef = 68F036081E0B7D2700CEBAEF /* AllTest1TableViewHeaderFooterView.swift */; };
		68F036581E0B7D2700CEBAEF /* AllTest2TableViewCell.swift in Sources */ = {isa = PBXBuildFile; fileRef = 68F036091E0B7D2700CEBAEF /* AllTest2TableViewCell.swift */; };
		68F036591E0B7D2700CEBAEF /* AllTestDataModel.swift in Sources */ = {isa = PBXBuildFile; fileRef = 68F0360A1E0B7D2700CEBAEF /* AllTestDataModel.swift */; };
		68F036671E0B7D2700CEBAEF /* LLTest1ViewController.swift in Sources */ = {isa = PBXBuildFile; fileRef = 68F0361A1E0B7D2700CEBAEF /* LLTest1ViewController.swift */; };
		68F036681E0B7D2700CEBAEF /* LLTest2ViewController.swift in Sources */ = {isa = PBXBuildFile; fileRef = 68F0361B1E0B7D2700CEBAEF /* LLTest2ViewController.swift */; };
		68F036691E0B7D2700CEBAEF /* LLTest3ViewController.swift in Sources */ = {isa = PBXBuildFile; fileRef = 68F0361C1E0B7D2700CEBAEF /* LLTest3ViewController.swift */; };
		68F0366A1E0B7D2700CEBAEF /* LLTest4ViewController.swift in Sources */ = {isa = PBXBuildFile; fileRef = 68F0361D1E0B7D2700CEBAEF /* LLTest4ViewController.swift */; };
		68F0366B1E0B7D2700CEBAEF /* LLTest5ViewController.swift in Sources */ = {isa = PBXBuildFile; fileRef = 68F0361E1E0B7D2700CEBAEF /* LLTest5ViewController.swift */; };
		68F0366C1E0B7D2700CEBAEF /* LLTest6ViewController.swift in Sources */ = {isa = PBXBuildFile; fileRef = 68F0361F1E0B7D2700CEBAEF /* LLTest6ViewController.swift */; };
		68F0366D1E0B7D2700CEBAEF /* LLTest7ViewController.swift in Sources */ = {isa = PBXBuildFile; fileRef = 68F036201E0B7D2700CEBAEF /* LLTest7ViewController.swift */; };
		68F0366E1E0B7D2700CEBAEF /* PLTest1ViewController.swift in Sources */ = {isa = PBXBuildFile; fileRef = 68F036221E0B7D2700CEBAEF /* PLTest1ViewController.swift */; };
		68F0366F1E0B7D2700CEBAEF /* PLTest2ViewController.swift in Sources */ = {isa = PBXBuildFile; fileRef = 68F036231E0B7D2700CEBAEF /* PLTest2ViewController.swift */; };
		68F036701E0B7D2700CEBAEF /* PLTest3ViewController.swift in Sources */ = {isa = PBXBuildFile; fileRef = 68F036241E0B7D2700CEBAEF /* PLTest3ViewController.swift */; };
		68F036711E0B7D2700CEBAEF /* PLTest4ViewController.swift in Sources */ = {isa = PBXBuildFile; fileRef = 68F036251E0B7D2700CEBAEF /* PLTest4ViewController.swift */; };
		68F036721E0B7D2700CEBAEF /* RLTest1ViewController.swift in Sources */ = {isa = PBXBuildFile; fileRef = 68F036271E0B7D2700CEBAEF /* RLTest1ViewController.swift */; };
		68F036731E0B7D2700CEBAEF /* RLTest2ViewController.swift in Sources */ = {isa = PBXBuildFile; fileRef = 68F036281E0B7D2700CEBAEF /* RLTest2ViewController.swift */; };
		68F036741E0B7D2700CEBAEF /* RLTest3ViewController.swift in Sources */ = {isa = PBXBuildFile; fileRef = 68F036291E0B7D2700CEBAEF /* RLTest3ViewController.swift */; };
		68F036751E0B7D2700CEBAEF /* RLTest4ViewController.swift in Sources */ = {isa = PBXBuildFile; fileRef = 68F0362A1E0B7D2700CEBAEF /* RLTest4ViewController.swift */; };
		68F036761E0B7D2700CEBAEF /* RLTest5ViewController.swift in Sources */ = {isa = PBXBuildFile; fileRef = 68F0362B1E0B7D2700CEBAEF /* RLTest5ViewController.swift */; };
		68F036771E0B7D2700CEBAEF /* LaunchScreen.storyboard in Resources */ = {isa = PBXBuildFile; fileRef = 68F0362D1E0B7D2700CEBAEF /* LaunchScreen.storyboard */; };
		68F036781E0B7D2700CEBAEF /* logo1.png in Resources */ = {isa = PBXBuildFile; fileRef = 68F0362F1E0B7D2700CEBAEF /* logo1.png */; };
		68F036791E0B7D2700CEBAEF /* logo2.png in Resources */ = {isa = PBXBuildFile; fileRef = 68F036301E0B7D2700CEBAEF /* logo2.png */; };
		68F0367A1E0B7D2700CEBAEF /* TangramClass.png in Resources */ = {isa = PBXBuildFile; fileRef = 68F036311E0B7D2700CEBAEF /* TangramClass.png */; };
		68F0367B1E0B7D2700CEBAEF /* usagedemo.png in Resources */ = {isa = PBXBuildFile; fileRef = 68F036321E0B7D2700CEBAEF /* usagedemo.png */; };
		68F0367C1E0B7D2700CEBAEF /* LaunchScreen.strings in Resources */ = {isa = PBXBuildFile; fileRef = 68F036331E0B7D2700CEBAEF /* LaunchScreen.strings */; };
		68F0367D1E0B7D2700CEBAEF /* Localizable.strings in Resources */ = {isa = PBXBuildFile; fileRef = 68F036351E0B7D2700CEBAEF /* Localizable.strings */; };
		68F0367E1E0B7D2700CEBAEF /* TLTest1ViewController.swift in Sources */ = {isa = PBXBuildFile; fileRef = 68F036381E0B7D2700CEBAEF /* TLTest1ViewController.swift */; };
		68F0367F1E0B7D2700CEBAEF /* TLTest2ViewController.swift in Sources */ = {isa = PBXBuildFile; fileRef = 68F036391E0B7D2700CEBAEF /* TLTest2ViewController.swift */; };
		68F036801E0B7D2700CEBAEF /* TLTest3ViewController.swift in Sources */ = {isa = PBXBuildFile; fileRef = 68F0363A1E0B7D2700CEBAEF /* TLTest3ViewController.swift */; };
		68F036811E0B7D2700CEBAEF /* ViewController.swift in Sources */ = {isa = PBXBuildFile; fileRef = 68F0363B1E0B7D2700CEBAEF /* ViewController.swift */; };
/* End PBXBuildFile section */

/* Begin PBXFileReference section */
		18058AAE1E63B4EA00EAECDC /* FLLTest6ViewController.swift */ = {isa = PBXFileReference; fileEncoding = 4; lastKnownFileType = sourcecode.swift; path = FLLTest6ViewController.swift; sourceTree = "<group>"; };
		18270C241C954B3C00CBCC92 /* TangramKitDemo.app */ = {isa = PBXFileReference; explicitFileType = wrapper.application; includeInIndex = 0; path = TangramKitDemo.app; sourceTree = BUILT_PRODUCTS_DIR; };
		184243071E327F0800E2CCE1 /* FLLTest5ViewController.swift */ = {isa = PBXFileReference; fileEncoding = 4; lastKnownFileType = sourcecode.swift; path = FLLTest5ViewController.swift; sourceTree = "<group>"; };
		18BCBD451E1336D900AC7766 /* AllTest8ViewController.swift */ = {isa = PBXFileReference; fileEncoding = 4; lastKnownFileType = sourcecode.swift; path = AllTest8ViewController.swift; sourceTree = "<group>"; };
		204DC322209E0BC000F6CB57 /* TLTest4ViewController.swift */ = {isa = PBXFileReference; fileEncoding = 4; lastKnownFileType = sourcecode.swift; path = TLTest4ViewController.swift; sourceTree = "<group>"; };
		20B6C6E61FA40AEC001D51C7 /* DetailViewController.swift */ = {isa = PBXFileReference; fileEncoding = 4; lastKnownFileType = sourcecode.swift; path = DetailViewController.swift; sourceTree = "<group>"; };
		20DCF334208CD022007A879B /* FOLTest7ViewController.swift */ = {isa = PBXFileReference; fileEncoding = 4; lastKnownFileType = sourcecode.swift; path = FOLTest7ViewController.swift; sourceTree = "<group>"; };
		20FC8FE120A4241D0029DE31 /* FLLTest7ViewController.swift */ = {isa = PBXFileReference; fileEncoding = 4; lastKnownFileType = sourcecode.swift; path = FLLTest7ViewController.swift; sourceTree = "<group>"; };
		4680F8FC211583FF00BFB765 /* FLLTest8ViewController.swift */ = {isa = PBXFileReference; fileEncoding = 4; lastKnownFileType = sourcecode.swift; path = FLLTest8ViewController.swift; sourceTree = "<group>"; };
		4680F8FE2115891600BFB765 /* AllTest9ViewController.swift */ = {isa = PBXFileReference; lastKnownFileType = sourcecode.swift; path = AllTest9ViewController.swift; sourceTree = "<group>"; };
		681BD8DB1E0B91A500403A1F /* TangramKit.framework */ = {isa = PBXFileReference; explicitFileType = wrapper.framework; includeInIndex = 0; path = TangramKit.framework; sourceTree = BUILT_PRODUCTS_DIR; };
		681BD8DD1E0B91A500403A1F /* TangramKit.h */ = {isa = PBXFileReference; lastKnownFileType = sourcecode.c.h; path = TangramKit.h; sourceTree = "<group>"; };
		681BD8DE1E0B91A500403A1F /* Info.plist */ = {isa = PBXFileReference; lastKnownFileType = text.plist.xml; path = Info.plist; sourceTree = "<group>"; };
		681BD9011E0B92E100403A1F /* TangramKit.swift */ = {isa = PBXFileReference; fileEncoding = 4; lastKnownFileType = sourcecode.swift; path = TangramKit.swift; sourceTree = "<group>"; };
		681BD9021E0B92E100403A1F /* TGBaseLayout.swift */ = {isa = PBXFileReference; fileEncoding = 4; lastKnownFileType = sourcecode.swift; lineEnding = 0; path = TGBaseLayout.swift; sourceTree = "<group>"; xcLanguageSpecificationIdentifier = xcode.lang.swift; };
		681BD9031E0B92E100403A1F /* TGDimeAdapter.swift */ = {isa = PBXFileReference; fileEncoding = 4; lastKnownFileType = sourcecode.swift; path = TGDimeAdapter.swift; sourceTree = "<group>"; };
		681BD9041E0B92E100403A1F /* TGFloatLayout.swift */ = {isa = PBXFileReference; fileEncoding = 4; lastKnownFileType = sourcecode.swift; lineEnding = 0; path = TGFloatLayout.swift; sourceTree = "<group>"; xcLanguageSpecificationIdentifier = xcode.lang.swift; };
		681BD9051E0B92E100403A1F /* TGFlowLayout.swift */ = {isa = PBXFileReference; fileEncoding = 4; lastKnownFileType = sourcecode.swift; lineEnding = 0; path = TGFlowLayout.swift; sourceTree = "<group>"; xcLanguageSpecificationIdentifier = xcode.lang.swift; };
		681BD9061E0B92E100403A1F /* TGFrameLayout.swift */ = {isa = PBXFileReference; fileEncoding = 4; lastKnownFileType = sourcecode.swift; lineEnding = 0; path = TGFrameLayout.swift; sourceTree = "<group>"; xcLanguageSpecificationIdentifier = xcode.lang.swift; };
		681BD9071E0B92E100403A1F /* TGLayoutPos.swift */ = {isa = PBXFileReference; fileEncoding = 4; lastKnownFileType = sourcecode.swift; lineEnding = 0; path = TGLayoutPos.swift; sourceTree = "<group>"; xcLanguageSpecificationIdentifier = xcode.lang.swift; };
		681BD9081E0B92E100403A1F /* TGLayoutSize.swift */ = {isa = PBXFileReference; fileEncoding = 4; lastKnownFileType = sourcecode.swift; path = TGLayoutSize.swift; sourceTree = "<group>"; };
		681BD9091E0B92E100403A1F /* TGLayoutSizeClass.swift */ = {isa = PBXFileReference; fileEncoding = 4; lastKnownFileType = sourcecode.swift; lineEnding = 0; path = TGLayoutSizeClass.swift; sourceTree = "<group>"; xcLanguageSpecificationIdentifier = xcode.lang.swift; };
		681BD90A1E0B92E100403A1F /* TGLinearLayout.swift */ = {isa = PBXFileReference; fileEncoding = 4; lastKnownFileType = sourcecode.swift; lineEnding = 0; path = TGLinearLayout.swift; sourceTree = "<group>"; xcLanguageSpecificationIdentifier = xcode.lang.swift; };
		681BD90B1E0B92E100403A1F /* TGPathLayout.swift */ = {isa = PBXFileReference; fileEncoding = 4; lastKnownFileType = sourcecode.swift; lineEnding = 0; path = TGPathLayout.swift; sourceTree = "<group>"; xcLanguageSpecificationIdentifier = xcode.lang.swift; };
		681BD90C1E0B92E100403A1F /* TGRelativeLayout.swift */ = {isa = PBXFileReference; fileEncoding = 4; lastKnownFileType = sourcecode.swift; lineEnding = 0; path = TGRelativeLayout.swift; sourceTree = "<group>"; xcLanguageSpecificationIdentifier = xcode.lang.swift; };
		681BD90D1E0B92E100403A1F /* TGTableLayout.swift */ = {isa = PBXFileReference; fileEncoding = 4; lastKnownFileType = sourcecode.swift; path = TGTableLayout.swift; sourceTree = "<group>"; };
		68F035E71E0B7D2700CEBAEF /* AppDelegate.swift */ = {isa = PBXFileReference; fileEncoding = 4; lastKnownFileType = sourcecode.swift; path = AppDelegate.swift; sourceTree = "<group>"; };
		68F035E81E0B7D2700CEBAEF /* CFTool.swift */ = {isa = PBXFileReference; fileEncoding = 4; lastKnownFileType = sourcecode.swift; path = CFTool.swift; sourceTree = "<group>"; };
		68F035EA1E0B7D2700CEBAEF /* en */ = {isa = PBXFileReference; lastKnownFileType = file.storyboard; name = en; path = en.lproj/LaunchScreen.storyboard; sourceTree = "<group>"; };
		68F035EC1E0B7D2700CEBAEF /* FOLTest1ViewController.swift */ = {isa = PBXFileReference; fileEncoding = 4; lastKnownFileType = sourcecode.swift; path = FOLTest1ViewController.swift; sourceTree = "<group>"; };
		68F035ED1E0B7D2700CEBAEF /* FOLTest2DataModel.plist */ = {isa = PBXFileReference; fileEncoding = 4; lastKnownFileType = text.plist.xml; path = FOLTest2DataModel.plist; sourceTree = "<group>"; };
		68F035EE1E0B7D2700CEBAEF /* FOLTest2ViewController.swift */ = {isa = PBXFileReference; fileEncoding = 4; lastKnownFileType = sourcecode.swift; path = FOLTest2ViewController.swift; sourceTree = "<group>"; };
		68F035EF1E0B7D2700CEBAEF /* FOLTest3ViewController.swift */ = {isa = PBXFileReference; fileEncoding = 4; lastKnownFileType = sourcecode.swift; path = FOLTest3ViewController.swift; sourceTree = "<group>"; };
		68F035F01E0B7D2700CEBAEF /* FOLTest4DataModel.plist */ = {isa = PBXFileReference; fileEncoding = 4; lastKnownFileType = text.plist.xml; path = FOLTest4DataModel.plist; sourceTree = "<group>"; };
		68F035F11E0B7D2700CEBAEF /* FOLTest4ViewController.swift */ = {isa = PBXFileReference; fileEncoding = 4; lastKnownFileType = sourcecode.swift; path = FOLTest4ViewController.swift; sourceTree = "<group>"; };
		68F035F21E0B7D2700CEBAEF /* FOLTest5ViewController.swift */ = {isa = PBXFileReference; fileEncoding = 4; lastKnownFileType = sourcecode.swift; path = FOLTest5ViewController.swift; sourceTree = "<group>"; };
		68F035F31E0B7D2700CEBAEF /* FOLTest6ViewController.swift */ = {isa = PBXFileReference; fileEncoding = 4; lastKnownFileType = sourcecode.swift; path = FOLTest6ViewController.swift; sourceTree = "<group>"; };
		68F035F51E0B7D2700CEBAEF /* FLLTest1ViewController.swift */ = {isa = PBXFileReference; fileEncoding = 4; lastKnownFileType = sourcecode.swift; path = FLLTest1ViewController.swift; sourceTree = "<group>"; };
		68F035F61E0B7D2700CEBAEF /* FLLTest2ViewController.swift */ = {isa = PBXFileReference; fileEncoding = 4; lastKnownFileType = sourcecode.swift; path = FLLTest2ViewController.swift; sourceTree = "<group>"; };
		68F035F71E0B7D2700CEBAEF /* FLLTest3ViewController.swift */ = {isa = PBXFileReference; fileEncoding = 4; lastKnownFileType = sourcecode.swift; path = FLLTest3ViewController.swift; sourceTree = "<group>"; };
		68F035F81E0B7D2700CEBAEF /* FLLTest4ViewController.swift */ = {isa = PBXFileReference; fileEncoding = 4; lastKnownFileType = sourcecode.swift; path = FLLTest4ViewController.swift; sourceTree = "<group>"; };
		68F035FA1E0B7D2700CEBAEF /* FLTest1ViewController.swift */ = {isa = PBXFileReference; fileEncoding = 4; lastKnownFileType = sourcecode.swift; path = FLTest1ViewController.swift; sourceTree = "<group>"; };
		68F035FB1E0B7D2700CEBAEF /* FLTest2ViewController.swift */ = {isa = PBXFileReference; fileEncoding = 4; lastKnownFileType = sourcecode.swift; path = FLTest2ViewController.swift; sourceTree = "<group>"; };
		68F035FC1E0B7D2700CEBAEF /* Images.xcassets */ = {isa = PBXFileReference; lastKnownFileType = folder.assetcatalog; path = Images.xcassets; sourceTree = "<group>"; };
		68F035FD1E0B7D2700CEBAEF /* Info.plist */ = {isa = PBXFileReference; fileEncoding = 4; lastKnownFileType = text.plist.xml; path = Info.plist; sourceTree = "<group>"; };
		68F035FF1E0B7D2700CEBAEF /* AllTest1ViewController.swift */ = {isa = PBXFileReference; fileEncoding = 4; lastKnownFileType = sourcecode.swift; lineEnding = 0; path = AllTest1ViewController.swift; sourceTree = "<group>"; xcLanguageSpecificationIdentifier = xcode.lang.swift; };
		68F036001E0B7D2700CEBAEF /* AllTest2ViewController.swift */ = {isa = PBXFileReference; fileEncoding = 4; lastKnownFileType = sourcecode.swift; path = AllTest2ViewController.swift; sourceTree = "<group>"; };
		68F036011E0B7D2700CEBAEF /* AllTest3ViewController.swift */ = {isa = PBXFileReference; fileEncoding = 4; lastKnownFileType = sourcecode.swift; lineEnding = 0; path = AllTest3ViewController.swift; sourceTree = "<group>"; xcLanguageSpecificationIdentifier = xcode.lang.swift; };
		68F036021E0B7D2700CEBAEF /* AllTest4ViewController.swift */ = {isa = PBXFileReference; fileEncoding = 4; lastKnownFileType = sourcecode.swift; path = AllTest4ViewController.swift; sourceTree = "<group>"; };
		68F036031E0B7D2700CEBAEF /* AllTest5ViewController.swift */ = {isa = PBXFileReference; fileEncoding = 4; lastKnownFileType = sourcecode.swift; path = AllTest5ViewController.swift; sourceTree = "<group>"; };
		68F036041E0B7D2700CEBAEF /* AllTest6ViewController.swift */ = {isa = PBXFileReference; fileEncoding = 4; lastKnownFileType = sourcecode.swift; path = AllTest6ViewController.swift; sourceTree = "<group>"; };
		68F036051E0B7D2700CEBAEF /* AllTest7ViewController.swift */ = {isa = PBXFileReference; fileEncoding = 4; lastKnownFileType = sourcecode.swift; path = AllTest7ViewController.swift; sourceTree = "<group>"; };
		68F036071E0B7D2700CEBAEF /* AllTest1TableViewCell.swift */ = {isa = PBXFileReference; fileEncoding = 4; lastKnownFileType = sourcecode.swift; lineEnding = 0; path = AllTest1TableViewCell.swift; sourceTree = "<group>"; xcLanguageSpecificationIdentifier = xcode.lang.swift; };
		68F036081E0B7D2700CEBAEF /* AllTest1TableViewHeaderFooterView.swift */ = {isa = PBXFileReference; fileEncoding = 4; lastKnownFileType = sourcecode.swift; lineEnding = 0; path = AllTest1TableViewHeaderFooterView.swift; sourceTree = "<group>"; xcLanguageSpecificationIdentifier = xcode.lang.swift; };
		68F036091E0B7D2700CEBAEF /* AllTest2TableViewCell.swift */ = {isa = PBXFileReference; fileEncoding = 4; lastKnownFileType = sourcecode.swift; lineEnding = 0; path = AllTest2TableViewCell.swift; sourceTree = "<group>"; xcLanguageSpecificationIdentifier = xcode.lang.swift; };
		68F0360A1E0B7D2700CEBAEF /* AllTestDataModel.swift */ = {isa = PBXFileReference; fileEncoding = 4; lastKnownFileType = sourcecode.swift; path = AllTestDataModel.swift; sourceTree = "<group>"; };
		68F0361A1E0B7D2700CEBAEF /* LLTest1ViewController.swift */ = {isa = PBXFileReference; fileEncoding = 4; lastKnownFileType = sourcecode.swift; path = LLTest1ViewController.swift; sourceTree = "<group>"; };
		68F0361B1E0B7D2700CEBAEF /* LLTest2ViewController.swift */ = {isa = PBXFileReference; fileEncoding = 4; lastKnownFileType = sourcecode.swift; path = LLTest2ViewController.swift; sourceTree = "<group>"; };
		68F0361C1E0B7D2700CEBAEF /* LLTest3ViewController.swift */ = {isa = PBXFileReference; fileEncoding = 4; lastKnownFileType = sourcecode.swift; path = LLTest3ViewController.swift; sourceTree = "<group>"; };
		68F0361D1E0B7D2700CEBAEF /* LLTest4ViewController.swift */ = {isa = PBXFileReference; fileEncoding = 4; lastKnownFileType = sourcecode.swift; path = LLTest4ViewController.swift; sourceTree = "<group>"; };
		68F0361E1E0B7D2700CEBAEF /* LLTest5ViewController.swift */ = {isa = PBXFileReference; fileEncoding = 4; lastKnownFileType = sourcecode.swift; path = LLTest5ViewController.swift; sourceTree = "<group>"; };
		68F0361F1E0B7D2700CEBAEF /* LLTest6ViewController.swift */ = {isa = PBXFileReference; fileEncoding = 4; lastKnownFileType = sourcecode.swift; path = LLTest6ViewController.swift; sourceTree = "<group>"; };
		68F036201E0B7D2700CEBAEF /* LLTest7ViewController.swift */ = {isa = PBXFileReference; fileEncoding = 4; lastKnownFileType = sourcecode.swift; path = LLTest7ViewController.swift; sourceTree = "<group>"; };
		68F036221E0B7D2700CEBAEF /* PLTest1ViewController.swift */ = {isa = PBXFileReference; fileEncoding = 4; lastKnownFileType = sourcecode.swift; path = PLTest1ViewController.swift; sourceTree = "<group>"; };
		68F036231E0B7D2700CEBAEF /* PLTest2ViewController.swift */ = {isa = PBXFileReference; fileEncoding = 4; lastKnownFileType = sourcecode.swift; path = PLTest2ViewController.swift; sourceTree = "<group>"; };
		68F036241E0B7D2700CEBAEF /* PLTest3ViewController.swift */ = {isa = PBXFileReference; fileEncoding = 4; lastKnownFileType = sourcecode.swift; path = PLTest3ViewController.swift; sourceTree = "<group>"; };
		68F036251E0B7D2700CEBAEF /* PLTest4ViewController.swift */ = {isa = PBXFileReference; fileEncoding = 4; lastKnownFileType = sourcecode.swift; path = PLTest4ViewController.swift; sourceTree = "<group>"; };
		68F036271E0B7D2700CEBAEF /* RLTest1ViewController.swift */ = {isa = PBXFileReference; fileEncoding = 4; lastKnownFileType = sourcecode.swift; path = RLTest1ViewController.swift; sourceTree = "<group>"; };
		68F036281E0B7D2700CEBAEF /* RLTest2ViewController.swift */ = {isa = PBXFileReference; fileEncoding = 4; lastKnownFileType = sourcecode.swift; path = RLTest2ViewController.swift; sourceTree = "<group>"; };
		68F036291E0B7D2700CEBAEF /* RLTest3ViewController.swift */ = {isa = PBXFileReference; fileEncoding = 4; lastKnownFileType = sourcecode.swift; path = RLTest3ViewController.swift; sourceTree = "<group>"; };
		68F0362A1E0B7D2700CEBAEF /* RLTest4ViewController.swift */ = {isa = PBXFileReference; fileEncoding = 4; lastKnownFileType = sourcecode.swift; path = RLTest4ViewController.swift; sourceTree = "<group>"; };
		68F0362B1E0B7D2700CEBAEF /* RLTest5ViewController.swift */ = {isa = PBXFileReference; fileEncoding = 4; lastKnownFileType = sourcecode.swift; path = RLTest5ViewController.swift; sourceTree = "<group>"; };
		68F0362E1E0B7D2700CEBAEF /* Base */ = {isa = PBXFileReference; lastKnownFileType = file.storyboard; name = Base; path = Base.lproj/LaunchScreen.storyboard; sourceTree = "<group>"; };
		68F0362F1E0B7D2700CEBAEF /* logo1.png */ = {isa = PBXFileReference; lastKnownFileType = image.png; path = logo1.png; sourceTree = "<group>"; };
		68F036301E0B7D2700CEBAEF /* logo2.png */ = {isa = PBXFileReference; lastKnownFileType = image.png; path = logo2.png; sourceTree = "<group>"; };
		68F036311E0B7D2700CEBAEF /* TangramClass.png */ = {isa = PBXFileReference; lastKnownFileType = image.png; path = TangramClass.png; sourceTree = "<group>"; };
		68F036321E0B7D2700CEBAEF /* usagedemo.png */ = {isa = PBXFileReference; lastKnownFileType = image.png; path = usagedemo.png; sourceTree = "<group>"; };
		68F036341E0B7D2700CEBAEF /* zh-Hans */ = {isa = PBXFileReference; lastKnownFileType = text.plist.strings; name = "zh-Hans"; path = "zh-Hans.lproj/LaunchScreen.strings"; sourceTree = "<group>"; };
		68F036361E0B7D2700CEBAEF /* zh-Hans */ = {isa = PBXFileReference; lastKnownFileType = text.plist.strings; name = "zh-Hans"; path = "zh-Hans.lproj/Localizable.strings"; sourceTree = "<group>"; };
		68F036381E0B7D2700CEBAEF /* TLTest1ViewController.swift */ = {isa = PBXFileReference; fileEncoding = 4; lastKnownFileType = sourcecode.swift; lineEnding = 0; path = TLTest1ViewController.swift; sourceTree = "<group>"; xcLanguageSpecificationIdentifier = xcode.lang.swift; };
		68F036391E0B7D2700CEBAEF /* TLTest2ViewController.swift */ = {isa = PBXFileReference; fileEncoding = 4; lastKnownFileType = sourcecode.swift; path = TLTest2ViewController.swift; sourceTree = "<group>"; };
		68F0363A1E0B7D2700CEBAEF /* TLTest3ViewController.swift */ = {isa = PBXFileReference; fileEncoding = 4; lastKnownFileType = sourcecode.swift; path = TLTest3ViewController.swift; sourceTree = "<group>"; };
		68F0363B1E0B7D2700CEBAEF /* ViewController.swift */ = {isa = PBXFileReference; fileEncoding = 4; lastKnownFileType = sourcecode.swift; path = ViewController.swift; sourceTree = "<group>"; };
		68F036AE1E0B800000CEBAEF /* TangramKitPrefix.pch */ = {isa = PBXFileReference; lastKnownFileType = sourcecode.c.h; path = TangramKitPrefix.pch; sourceTree = "<group>"; };
/* End PBXFileReference section */

/* Begin PBXFrameworksBuildPhase section */
		18270C211C954B3C00CBCC92 /* Frameworks */ = {
			isa = PBXFrameworksBuildPhase;
			buildActionMask = 2147483647;
			files = (
			);
			runOnlyForDeploymentPostprocessing = 0;
		};
		681BD8D71E0B91A500403A1F /* Frameworks */ = {
			isa = PBXFrameworksBuildPhase;
			buildActionMask = 2147483647;
			files = (
			);
			runOnlyForDeploymentPostprocessing = 0;
		};
/* End PBXFrameworksBuildPhase section */

/* Begin PBXGroup section */
		18270C1B1C954B3C00CBCC92 = {
			isa = PBXGroup;
			children = (
				68F035E61E0B7D2700CEBAEF /* TangramKitDemo */,
				681BD8DC1E0B91A500403A1F /* TangramKit */,
				18270C251C954B3C00CBCC92 /* Products */,
			);
			sourceTree = "<group>";
		};
		18270C251C954B3C00CBCC92 /* Products */ = {
			isa = PBXGroup;
			children = (
				18270C241C954B3C00CBCC92 /* TangramKitDemo.app */,
				681BD8DB1E0B91A500403A1F /* TangramKit.framework */,
			);
			name = Products;
			sourceTree = "<group>";
		};
		681BD8DC1E0B91A500403A1F /* TangramKit */ = {
			isa = PBXGroup;
			children = (
				681BD9011E0B92E100403A1F /* TangramKit.swift */,
				681BD9021E0B92E100403A1F /* TGBaseLayout.swift */,
				681BD9031E0B92E100403A1F /* TGDimeAdapter.swift */,
				681BD9041E0B92E100403A1F /* TGFloatLayout.swift */,
				681BD9051E0B92E100403A1F /* TGFlowLayout.swift */,
				681BD9061E0B92E100403A1F /* TGFrameLayout.swift */,
				681BD9071E0B92E100403A1F /* TGLayoutPos.swift */,
				681BD9081E0B92E100403A1F /* TGLayoutSize.swift */,
				681BD9091E0B92E100403A1F /* TGLayoutSizeClass.swift */,
				681BD90A1E0B92E100403A1F /* TGLinearLayout.swift */,
				681BD90B1E0B92E100403A1F /* TGPathLayout.swift */,
				681BD90C1E0B92E100403A1F /* TGRelativeLayout.swift */,
				681BD90D1E0B92E100403A1F /* TGTableLayout.swift */,
				681BD8DD1E0B91A500403A1F /* TangramKit.h */,
				681BD8DE1E0B91A500403A1F /* Info.plist */,
			);
			path = TangramKit;
			sourceTree = "<group>";
		};
		68F035E61E0B7D2700CEBAEF /* TangramKitDemo */ = {
			isa = PBXGroup;
			children = (
				68F036371E0B7D2700CEBAEF /* TableLayoutDemo */,
				68F035FE1E0B7D2700CEBAEF /* IntegratedDemo */,
				68F035F91E0B7D2700CEBAEF /* FrameLayoutDemo */,
				68F035F41E0B7D2700CEBAEF /* FlowLayoutDemo */,
				68F036261E0B7D2700CEBAEF /* RelativeLayoutDemo */,
				68F036211E0B7D2700CEBAEF /* PathLayoutDemo */,
				68F036191E0B7D2700CEBAEF /* LinearLayoutDemo */,
				68F035EB1E0B7D2700CEBAEF /* FloatLayoutDemo */,
				68F0362C1E0B7D2700CEBAEF /* Support Files */,
				68F035FD1E0B7D2700CEBAEF /* Info.plist */,
				68F035E71E0B7D2700CEBAEF /* AppDelegate.swift */,
				68F035E81E0B7D2700CEBAEF /* CFTool.swift */,
				68F0363B1E0B7D2700CEBAEF /* ViewController.swift */,
				20B6C6E61FA40AEC001D51C7 /* DetailViewController.swift */,
				68F035FC1E0B7D2700CEBAEF /* Images.xcassets */,
				68F035E91E0B7D2700CEBAEF /* LaunchScreen.storyboard */,
				68F036AE1E0B800000CEBAEF /* TangramKitPrefix.pch */,
			);
			path = TangramKitDemo;
			sourceTree = "<group>";
		};
		68F035EB1E0B7D2700CEBAEF /* FloatLayoutDemo */ = {
			isa = PBXGroup;
			children = (
				68F035EC1E0B7D2700CEBAEF /* FOLTest1ViewController.swift */,
				68F035ED1E0B7D2700CEBAEF /* FOLTest2DataModel.plist */,
				68F035EE1E0B7D2700CEBAEF /* FOLTest2ViewController.swift */,
				68F035EF1E0B7D2700CEBAEF /* FOLTest3ViewController.swift */,
				68F035F01E0B7D2700CEBAEF /* FOLTest4DataModel.plist */,
				68F035F11E0B7D2700CEBAEF /* FOLTest4ViewController.swift */,
				68F035F21E0B7D2700CEBAEF /* FOLTest5ViewController.swift */,
				68F035F31E0B7D2700CEBAEF /* FOLTest6ViewController.swift */,
				20DCF334208CD022007A879B /* FOLTest7ViewController.swift */,
			);
			path = FloatLayoutDemo;
			sourceTree = "<group>";
		};
		68F035F41E0B7D2700CEBAEF /* FlowLayoutDemo */ = {
			isa = PBXGroup;
			children = (
				68F035F51E0B7D2700CEBAEF /* FLLTest1ViewController.swift */,
				68F035F61E0B7D2700CEBAEF /* FLLTest2ViewController.swift */,
				68F035F71E0B7D2700CEBAEF /* FLLTest3ViewController.swift */,
				68F035F81E0B7D2700CEBAEF /* FLLTest4ViewController.swift */,
				184243071E327F0800E2CCE1 /* FLLTest5ViewController.swift */,
				18058AAE1E63B4EA00EAECDC /* FLLTest6ViewController.swift */,
				20FC8FE120A4241D0029DE31 /* FLLTest7ViewController.swift */,
				4680F8FC211583FF00BFB765 /* FLLTest8ViewController.swift */,
			);
			path = FlowLayoutDemo;
			sourceTree = "<group>";
		};
		68F035F91E0B7D2700CEBAEF /* FrameLayoutDemo */ = {
			isa = PBXGroup;
			children = (
				68F035FA1E0B7D2700CEBAEF /* FLTest1ViewController.swift */,
				68F035FB1E0B7D2700CEBAEF /* FLTest2ViewController.swift */,
			);
			path = FrameLayoutDemo;
			sourceTree = "<group>";
		};
		68F035FE1E0B7D2700CEBAEF /* IntegratedDemo */ = {
			isa = PBXGroup;
			children = (
				68F035FF1E0B7D2700CEBAEF /* AllTest1ViewController.swift */,
				68F036001E0B7D2700CEBAEF /* AllTest2ViewController.swift */,
				68F036011E0B7D2700CEBAEF /* AllTest3ViewController.swift */,
				68F036021E0B7D2700CEBAEF /* AllTest4ViewController.swift */,
				68F036031E0B7D2700CEBAEF /* AllTest5ViewController.swift */,
				68F036041E0B7D2700CEBAEF /* AllTest6ViewController.swift */,
				68F036051E0B7D2700CEBAEF /* AllTest7ViewController.swift */,
				18BCBD451E1336D900AC7766 /* AllTest8ViewController.swift */,
				4680F8FE2115891600BFB765 /* AllTest9ViewController.swift */,
				68F036061E0B7D2700CEBAEF /* AllTestModel&View */,
			);
			path = IntegratedDemo;
			sourceTree = "<group>";
		};
		68F036061E0B7D2700CEBAEF /* AllTestModel&View */ = {
			isa = PBXGroup;
			children = (
				68F036071E0B7D2700CEBAEF /* AllTest1TableViewCell.swift */,
				68F036081E0B7D2700CEBAEF /* AllTest1TableViewHeaderFooterView.swift */,
				68F036091E0B7D2700CEBAEF /* AllTest2TableViewCell.swift */,
				68F0360A1E0B7D2700CEBAEF /* AllTestDataModel.swift */,
			);
			path = "AllTestModel&View";
			sourceTree = "<group>";
		};
		68F036191E0B7D2700CEBAEF /* LinearLayoutDemo */ = {
			isa = PBXGroup;
			children = (
				68F0361A1E0B7D2700CEBAEF /* LLTest1ViewController.swift */,
				68F0361B1E0B7D2700CEBAEF /* LLTest2ViewController.swift */,
				68F0361C1E0B7D2700CEBAEF /* LLTest3ViewController.swift */,
				68F0361D1E0B7D2700CEBAEF /* LLTest4ViewController.swift */,
				68F0361E1E0B7D2700CEBAEF /* LLTest5ViewController.swift */,
				68F0361F1E0B7D2700CEBAEF /* LLTest6ViewController.swift */,
				68F036201E0B7D2700CEBAEF /* LLTest7ViewController.swift */,
			);
			name = LinearLayoutDemo;
			path = linerLayoutDemo;
			sourceTree = "<group>";
		};
		68F036211E0B7D2700CEBAEF /* PathLayoutDemo */ = {
			isa = PBXGroup;
			children = (
				68F036221E0B7D2700CEBAEF /* PLTest1ViewController.swift */,
				68F036231E0B7D2700CEBAEF /* PLTest2ViewController.swift */,
				68F036241E0B7D2700CEBAEF /* PLTest3ViewController.swift */,
				68F036251E0B7D2700CEBAEF /* PLTest4ViewController.swift */,
			);
			path = PathLayoutDemo;
			sourceTree = "<group>";
		};
		68F036261E0B7D2700CEBAEF /* RelativeLayoutDemo */ = {
			isa = PBXGroup;
			children = (
				68F036271E0B7D2700CEBAEF /* RLTest1ViewController.swift */,
				68F036281E0B7D2700CEBAEF /* RLTest2ViewController.swift */,
				68F036291E0B7D2700CEBAEF /* RLTest3ViewController.swift */,
				68F0362A1E0B7D2700CEBAEF /* RLTest4ViewController.swift */,
				68F0362B1E0B7D2700CEBAEF /* RLTest5ViewController.swift */,
			);
			path = RelativeLayoutDemo;
			sourceTree = "<group>";
		};
		68F0362C1E0B7D2700CEBAEF /* Support Files */ = {
			isa = PBXGroup;
			children = (
				68F0362D1E0B7D2700CEBAEF /* LaunchScreen.storyboard */,
				68F0362F1E0B7D2700CEBAEF /* logo1.png */,
				68F036301E0B7D2700CEBAEF /* logo2.png */,
				68F036311E0B7D2700CEBAEF /* TangramClass.png */,
				68F036321E0B7D2700CEBAEF /* usagedemo.png */,
				68F036331E0B7D2700CEBAEF /* LaunchScreen.strings */,
				68F036351E0B7D2700CEBAEF /* Localizable.strings */,
			);
			path = "Support Files";
			sourceTree = "<group>";
		};
		68F036371E0B7D2700CEBAEF /* TableLayoutDemo */ = {
			isa = PBXGroup;
			children = (
				68F036381E0B7D2700CEBAEF /* TLTest1ViewController.swift */,
				68F036391E0B7D2700CEBAEF /* TLTest2ViewController.swift */,
				68F0363A1E0B7D2700CEBAEF /* TLTest3ViewController.swift */,
				204DC322209E0BC000F6CB57 /* TLTest4ViewController.swift */,
			);
			path = TableLayoutDemo;
			sourceTree = "<group>";
		};
/* End PBXGroup section */

/* Begin PBXHeadersBuildPhase section */
		681BD8D81E0B91A500403A1F /* Headers */ = {
			isa = PBXHeadersBuildPhase;
			buildActionMask = 2147483647;
			files = (
				681BD8DF1E0B91A500403A1F /* TangramKit.h in Headers */,
			);
			runOnlyForDeploymentPostprocessing = 0;
		};
/* End PBXHeadersBuildPhase section */

/* Begin PBXNativeTarget section */
		18270C231C954B3C00CBCC92 /* TangramKitDemo */ = {
			isa = PBXNativeTarget;
			buildConfigurationList = 18270C361C954B3C00CBCC92 /* Build configuration list for PBXNativeTarget "TangramKitDemo" */;
			buildPhases = (
				18270C201C954B3C00CBCC92 /* Sources */,
				18270C211C954B3C00CBCC92 /* Frameworks */,
				18270C221C954B3C00CBCC92 /* Resources */,
			);
			buildRules = (
			);
			dependencies = (
			);
			name = TangramKitDemo;
			productName = TangramKit;
			productReference = 18270C241C954B3C00CBCC92 /* TangramKitDemo.app */;
			productType = "com.apple.product-type.application";
		};
		681BD8DA1E0B91A500403A1F /* TangramKit */ = {
			isa = PBXNativeTarget;
			buildConfigurationList = 681BD8E41E0B91A500403A1F /* Build configuration list for PBXNativeTarget "TangramKit" */;
			buildPhases = (
				681BD8D61E0B91A500403A1F /* Sources */,
				681BD8D71E0B91A500403A1F /* Frameworks */,
				681BD8D81E0B91A500403A1F /* Headers */,
				681BD8D91E0B91A500403A1F /* Resources */,
			);
			buildRules = (
			);
			dependencies = (
			);
			name = TangramKit;
			productName = TangramKit;
			productReference = 681BD8DB1E0B91A500403A1F /* TangramKit.framework */;
			productType = "com.apple.product-type.framework";
		};
/* End PBXNativeTarget section */

/* Begin PBXProject section */
		18270C1C1C954B3C00CBCC92 /* Project object */ = {
			isa = PBXProject;
			attributes = {
				LastSwiftUpdateCheck = 0810;
				LastUpgradeCheck = 1000;
				ORGANIZATIONNAME = youngsoft;
				TargetAttributes = {
					18270C231C954B3C00CBCC92 = {
						CreatedOnToolsVersion = 7.2;
						DevelopmentTeam = BGQ8WB468K;
						LastSwiftMigration = 0900;
						SystemCapabilities = {
							com.apple.BackgroundModes = {
								enabled = 1;
							};
						};
					};
					681BD8DA1E0B91A500403A1F = {
						CreatedOnToolsVersion = 8.2;
						LastSwiftMigration = 1000;
						ProvisioningStyle = Automatic;
					};
				};
			};
			buildConfigurationList = 18270C1F1C954B3C00CBCC92 /* Build configuration list for PBXProject "TangramKit" */;
			compatibilityVersion = "Xcode 3.2";
			developmentRegion = English;
			hasScannedForEncodings = 0;
			knownRegions = (
				en,
				Base,
				"zh-Hans",
			);
			mainGroup = 18270C1B1C954B3C00CBCC92;
			productRefGroup = 18270C251C954B3C00CBCC92 /* Products */;
			projectDirPath = "";
			projectRoot = "";
			targets = (
				18270C231C954B3C00CBCC92 /* TangramKitDemo */,
				681BD8DA1E0B91A500403A1F /* TangramKit */,
			);
		};
/* End PBXProject section */

/* Begin PBXResourcesBuildPhase section */
		18270C221C954B3C00CBCC92 /* Resources */ = {
			isa = PBXResourcesBuildPhase;
			buildActionMask = 2147483647;
			files = (
				68F0363E1E0B7D2700CEBAEF /* LaunchScreen.storyboard in Resources */,
				68F0367D1E0B7D2700CEBAEF /* Localizable.strings in Resources */,
				68F0367C1E0B7D2700CEBAEF /* LaunchScreen.strings in Resources */,
				68F0364D1E0B7D2700CEBAEF /* Images.xcassets in Resources */,
				68F036431E0B7D2700CEBAEF /* FOLTest4DataModel.plist in Resources */,
				68F036771E0B7D2700CEBAEF /* LaunchScreen.storyboard in Resources */,
				68F0367B1E0B7D2700CEBAEF /* usagedemo.png in Resources */,
				68F036401E0B7D2700CEBAEF /* FOLTest2DataModel.plist in Resources */,
				68F036781E0B7D2700CEBAEF /* logo1.png in Resources */,
				68F036791E0B7D2700CEBAEF /* logo2.png in Resources */,
				68F0367A1E0B7D2700CEBAEF /* TangramClass.png in Resources */,
			);
			runOnlyForDeploymentPostprocessing = 0;
		};
		681BD8D91E0B91A500403A1F /* Resources */ = {
			isa = PBXResourcesBuildPhase;
			buildActionMask = 2147483647;
			files = (
			);
			runOnlyForDeploymentPostprocessing = 0;
		};
/* End PBXResourcesBuildPhase section */

/* Begin PBXSourcesBuildPhase section */
		18270C201C954B3C00CBCC92 /* Sources */ = {
			isa = PBXSourcesBuildPhase;
			buildActionMask = 2147483647;
			files = (
				1890A21A1EDF96C800D61C1A /* TangramKit.swift in Sources */,
				1890A21B1EDF96C800D61C1A /* TGBaseLayout.swift in Sources */,
				1890A21C1EDF96C800D61C1A /* TGDimeAdapter.swift in Sources */,
				1890A21D1EDF96C800D61C1A /* TGFloatLayout.swift in Sources */,
				1890A21E1EDF96C800D61C1A /* TGFlowLayout.swift in Sources */,
				1890A21F1EDF96C800D61C1A /* TGFrameLayout.swift in Sources */,
				1890A2201EDF96C800D61C1A /* TGLayoutPos.swift in Sources */,
				1890A2211EDF96C800D61C1A /* TGLayoutSize.swift in Sources */,
				1890A2221EDF96C800D61C1A /* TGLayoutSizeClass.swift in Sources */,
				1890A2231EDF96C800D61C1A /* TGLinearLayout.swift in Sources */,
				1890A2241EDF96C800D61C1A /* TGPathLayout.swift in Sources */,
				1890A2251EDF96C800D61C1A /* TGRelativeLayout.swift in Sources */,
				1890A2261EDF96C800D61C1A /* TGTableLayout.swift in Sources */,
				68F0366E1E0B7D2700CEBAEF /* PLTest1ViewController.swift in Sources */,
				68F0364A1E0B7D2700CEBAEF /* FLLTest4ViewController.swift in Sources */,
				68F036561E0B7D2700CEBAEF /* AllTest1TableViewCell.swift in Sources */,
				68F036731E0B7D2700CEBAEF /* RLTest2ViewController.swift in Sources */,
				18058AAF1E63B4EA00EAECDC /* FLLTest6ViewController.swift in Sources */,
				68F036501E0B7D2700CEBAEF /* AllTest2ViewController.swift in Sources */,
				20B6C6E71FA40AEC001D51C7 /* DetailViewController.swift in Sources */,
				4680F8FD211583FF00BFB765 /* FLLTest8ViewController.swift in Sources */,
				184243081E327F0800E2CCE1 /* FLLTest5ViewController.swift in Sources */,
				68F0363D1E0B7D2700CEBAEF /* CFTool.swift in Sources */,
				68F036581E0B7D2700CEBAEF /* AllTest2TableViewCell.swift in Sources */,
				68F0364F1E0B7D2700CEBAEF /* AllTest1ViewController.swift in Sources */,
				20DCF335208CD022007A879B /* FOLTest7ViewController.swift in Sources */,
				68F0366D1E0B7D2700CEBAEF /* LLTest7ViewController.swift in Sources */,
				68F036741E0B7D2700CEBAEF /* RLTest3ViewController.swift in Sources */,
				68F036681E0B7D2700CEBAEF /* LLTest2ViewController.swift in Sources */,
				68F036591E0B7D2700CEBAEF /* AllTestDataModel.swift in Sources */,
				68F036441E0B7D2700CEBAEF /* FOLTest4ViewController.swift in Sources */,
				68F0366C1E0B7D2700CEBAEF /* LLTest6ViewController.swift in Sources */,
				18BCBD461E1336D900AC7766 /* AllTest8ViewController.swift in Sources */,
				20FC8FE220A4241D0029DE31 /* FLLTest7ViewController.swift in Sources */,
				68F036541E0B7D2700CEBAEF /* AllTest6ViewController.swift in Sources */,
				68F036801E0B7D2700CEBAEF /* TLTest3ViewController.swift in Sources */,
				68F036811E0B7D2700CEBAEF /* ViewController.swift in Sources */,
				68F036451E0B7D2700CEBAEF /* FOLTest5ViewController.swift in Sources */,
				68F036421E0B7D2700CEBAEF /* FOLTest3ViewController.swift in Sources */,
				68F036701E0B7D2700CEBAEF /* PLTest3ViewController.swift in Sources */,
				68F0366A1E0B7D2700CEBAEF /* LLTest4ViewController.swift in Sources */,
				68F036521E0B7D2700CEBAEF /* AllTest4ViewController.swift in Sources */,
				68F036411E0B7D2700CEBAEF /* FOLTest2ViewController.swift in Sources */,
				204DC323209E0BC000F6CB57 /* TLTest4ViewController.swift in Sources */,
				68F036531E0B7D2700CEBAEF /* AllTest5ViewController.swift in Sources */,
				68F036671E0B7D2700CEBAEF /* LLTest1ViewController.swift in Sources */,
				68F036461E0B7D2700CEBAEF /* FOLTest6ViewController.swift in Sources */,
				68F036551E0B7D2700CEBAEF /* AllTest7ViewController.swift in Sources */,
				68F036751E0B7D2700CEBAEF /* RLTest4ViewController.swift in Sources */,
				68F0366F1E0B7D2700CEBAEF /* PLTest2ViewController.swift in Sources */,
				68F036721E0B7D2700CEBAEF /* RLTest1ViewController.swift in Sources */,
				68F036761E0B7D2700CEBAEF /* RLTest5ViewController.swift in Sources */,
				68F0366B1E0B7D2700CEBAEF /* LLTest5ViewController.swift in Sources */,
				68F036711E0B7D2700CEBAEF /* PLTest4ViewController.swift in Sources */,
				68F0364C1E0B7D2700CEBAEF /* FLTest2ViewController.swift in Sources */,
				68F036471E0B7D2700CEBAEF /* FLLTest1ViewController.swift in Sources */,
				68F036691E0B7D2700CEBAEF /* LLTest3ViewController.swift in Sources */,
				4680F8FF2115891600BFB765 /* AllTest9ViewController.swift in Sources */,
				68F036511E0B7D2700CEBAEF /* AllTest3ViewController.swift in Sources */,
				68F0364B1E0B7D2700CEBAEF /* FLTest1ViewController.swift in Sources */,
				68F0363C1E0B7D2700CEBAEF /* AppDelegate.swift in Sources */,
				68F036571E0B7D2700CEBAEF /* AllTest1TableViewHeaderFooterView.swift in Sources */,
				68F036481E0B7D2700CEBAEF /* FLLTest2ViewController.swift in Sources */,
				68F0367E1E0B7D2700CEBAEF /* TLTest1ViewController.swift in Sources */,
				68F0363F1E0B7D2700CEBAEF /* FOLTest1ViewController.swift in Sources */,
				68F036491E0B7D2700CEBAEF /* FLLTest3ViewController.swift in Sources */,
				68F0367F1E0B7D2700CEBAEF /* TLTest2ViewController.swift in Sources */,
			);
			runOnlyForDeploymentPostprocessing = 0;
		};
		681BD8D61E0B91A500403A1F /* Sources */ = {
			isa = PBXSourcesBuildPhase;
			buildActionMask = 2147483647;
			files = (
				681BD9191E0B92E100403A1F /* TGFrameLayout.swift in Sources */,
				681BD91F1E0B92E100403A1F /* TGLayoutSizeClass.swift in Sources */,
				681BD9251E0B92E100403A1F /* TGRelativeLayout.swift in Sources */,
				681BD91D1E0B92E100403A1F /* TGLayoutSize.swift in Sources */,
				681BD9211E0B92E100403A1F /* TGLinearLayout.swift in Sources */,
				681BD90F1E0B92E100403A1F /* TangramKit.swift in Sources */,
				681BD9151E0B92E100403A1F /* TGFloatLayout.swift in Sources */,
				681BD9271E0B92E100403A1F /* TGTableLayout.swift in Sources */,
				681BD9111E0B92E100403A1F /* TGBaseLayout.swift in Sources */,
				681BD9171E0B92E100403A1F /* TGFlowLayout.swift in Sources */,
				681BD91B1E0B92E100403A1F /* TGLayoutPos.swift in Sources */,
				681BD9131E0B92E100403A1F /* TGDimeAdapter.swift in Sources */,
				681BD9231E0B92E100403A1F /* TGPathLayout.swift in Sources */,
			);
			runOnlyForDeploymentPostprocessing = 0;
		};
/* End PBXSourcesBuildPhase section */

/* Begin PBXVariantGroup section */
		68F035E91E0B7D2700CEBAEF /* LaunchScreen.storyboard */ = {
			isa = PBXVariantGroup;
			children = (
				68F035EA1E0B7D2700CEBAEF /* en */,
			);
			name = LaunchScreen.storyboard;
			sourceTree = "<group>";
		};
		68F0362D1E0B7D2700CEBAEF /* LaunchScreen.storyboard */ = {
			isa = PBXVariantGroup;
			children = (
				68F0362E1E0B7D2700CEBAEF /* Base */,
			);
			name = LaunchScreen.storyboard;
			sourceTree = "<group>";
		};
		68F036331E0B7D2700CEBAEF /* LaunchScreen.strings */ = {
			isa = PBXVariantGroup;
			children = (
				68F036341E0B7D2700CEBAEF /* zh-Hans */,
			);
			name = LaunchScreen.strings;
			sourceTree = "<group>";
		};
		68F036351E0B7D2700CEBAEF /* Localizable.strings */ = {
			isa = PBXVariantGroup;
			children = (
				68F036361E0B7D2700CEBAEF /* zh-Hans */,
			);
			name = Localizable.strings;
			sourceTree = "<group>";
		};
/* End PBXVariantGroup section */

/* Begin XCBuildConfiguration section */
		18270C341C954B3C00CBCC92 /* Debug */ = {
			isa = XCBuildConfiguration;
			buildSettings = {
				ALWAYS_SEARCH_USER_PATHS = NO;
				CLANG_ANALYZER_LOCALIZABILITY_NONLOCALIZED = YES;
				CLANG_CXX_LANGUAGE_STANDARD = "gnu++0x";
				CLANG_CXX_LIBRARY = "libc++";
				CLANG_ENABLE_MODULES = YES;
				CLANG_ENABLE_OBJC_ARC = YES;
				CLANG_WARN_BLOCK_CAPTURE_AUTORELEASING = YES;
				CLANG_WARN_BOOL_CONVERSION = YES;
				CLANG_WARN_COMMA = YES;
				CLANG_WARN_CONSTANT_CONVERSION = YES;
				CLANG_WARN_DEPRECATED_OBJC_IMPLEMENTATIONS = YES;
				CLANG_WARN_DIRECT_OBJC_ISA_USAGE = YES_ERROR;
				CLANG_WARN_EMPTY_BODY = YES;
				CLANG_WARN_ENUM_CONVERSION = YES;
				CLANG_WARN_INFINITE_RECURSION = YES;
				CLANG_WARN_INT_CONVERSION = YES;
				CLANG_WARN_NON_LITERAL_NULL_CONVERSION = YES;
				CLANG_WARN_OBJC_IMPLICIT_RETAIN_SELF = YES;
				CLANG_WARN_OBJC_LITERAL_CONVERSION = YES;
				CLANG_WARN_OBJC_ROOT_CLASS = YES_ERROR;
				CLANG_WARN_RANGE_LOOP_ANALYSIS = YES;
				CLANG_WARN_STRICT_PROTOTYPES = YES;
				CLANG_WARN_SUSPICIOUS_MOVE = YES;
				CLANG_WARN_UNREACHABLE_CODE = YES;
				CLANG_WARN__DUPLICATE_METHOD_MATCH = YES;
				"CODE_SIGN_IDENTITY[sdk=iphoneos*]" = "iPhone Developer";
				COPY_PHASE_STRIP = NO;
				DEBUG_INFORMATION_FORMAT = dwarf;
				ENABLE_STRICT_OBJC_MSGSEND = YES;
				ENABLE_TESTABILITY = YES;
				GCC_C_LANGUAGE_STANDARD = gnu99;
				GCC_DYNAMIC_NO_PIC = NO;
				GCC_NO_COMMON_BLOCKS = YES;
				GCC_OPTIMIZATION_LEVEL = 0;
				GCC_PREPROCESSOR_DEFINITIONS = (
					"DEBUG=1",
					"$(inherited)",
				);
				GCC_WARN_64_TO_32_BIT_CONVERSION = YES;
				GCC_WARN_ABOUT_RETURN_TYPE = YES_ERROR;
				GCC_WARN_UNDECLARED_SELECTOR = YES;
				GCC_WARN_UNINITIALIZED_AUTOS = YES_AGGRESSIVE;
				GCC_WARN_UNUSED_FUNCTION = YES;
				GCC_WARN_UNUSED_VARIABLE = YES;
				IPHONEOS_DEPLOYMENT_TARGET = 8.0;
				MTL_ENABLE_DEBUG_INFO = YES;
				ONLY_ACTIVE_ARCH = YES;
				SDKROOT = iphoneos;
				SWIFT_OPTIMIZATION_LEVEL = "-Onone";
				SWIFT_VERSION = 3.0.1;
				TARGETED_DEVICE_FAMILY = "1,2";
			};
			name = Debug;
		};
		18270C351C954B3C00CBCC92 /* Release */ = {
			isa = XCBuildConfiguration;
			buildSettings = {
				ALWAYS_SEARCH_USER_PATHS = NO;
				CLANG_ANALYZER_LOCALIZABILITY_NONLOCALIZED = YES;
				CLANG_CXX_LANGUAGE_STANDARD = "gnu++0x";
				CLANG_CXX_LIBRARY = "libc++";
				CLANG_ENABLE_MODULES = YES;
				CLANG_ENABLE_OBJC_ARC = YES;
				CLANG_WARN_BLOCK_CAPTURE_AUTORELEASING = YES;
				CLANG_WARN_BOOL_CONVERSION = YES;
				CLANG_WARN_COMMA = YES;
				CLANG_WARN_CONSTANT_CONVERSION = YES;
				CLANG_WARN_DEPRECATED_OBJC_IMPLEMENTATIONS = YES;
				CLANG_WARN_DIRECT_OBJC_ISA_USAGE = YES_ERROR;
				CLANG_WARN_EMPTY_BODY = YES;
				CLANG_WARN_ENUM_CONVERSION = YES;
				CLANG_WARN_INFINITE_RECURSION = YES;
				CLANG_WARN_INT_CONVERSION = YES;
				CLANG_WARN_NON_LITERAL_NULL_CONVERSION = YES;
				CLANG_WARN_OBJC_IMPLICIT_RETAIN_SELF = YES;
				CLANG_WARN_OBJC_LITERAL_CONVERSION = YES;
				CLANG_WARN_OBJC_ROOT_CLASS = YES_ERROR;
				CLANG_WARN_RANGE_LOOP_ANALYSIS = YES;
				CLANG_WARN_STRICT_PROTOTYPES = YES;
				CLANG_WARN_SUSPICIOUS_MOVE = YES;
				CLANG_WARN_UNREACHABLE_CODE = YES;
				CLANG_WARN__DUPLICATE_METHOD_MATCH = YES;
				"CODE_SIGN_IDENTITY[sdk=iphoneos*]" = "iPhone Developer";
				COPY_PHASE_STRIP = NO;
				DEBUG_INFORMATION_FORMAT = "dwarf-with-dsym";
				ENABLE_NS_ASSERTIONS = NO;
				ENABLE_STRICT_OBJC_MSGSEND = YES;
				GCC_C_LANGUAGE_STANDARD = gnu99;
				GCC_NO_COMMON_BLOCKS = YES;
				GCC_WARN_64_TO_32_BIT_CONVERSION = YES;
				GCC_WARN_ABOUT_RETURN_TYPE = YES_ERROR;
				GCC_WARN_UNDECLARED_SELECTOR = YES;
				GCC_WARN_UNINITIALIZED_AUTOS = YES_AGGRESSIVE;
				GCC_WARN_UNUSED_FUNCTION = YES;
				GCC_WARN_UNUSED_VARIABLE = YES;
				IPHONEOS_DEPLOYMENT_TARGET = 8.0;
				MTL_ENABLE_DEBUG_INFO = NO;
				SDKROOT = iphoneos;
				SWIFT_VERSION = 3.0.1;
				TARGETED_DEVICE_FAMILY = "1,2";
				VALIDATE_PRODUCT = YES;
			};
			name = Release;
		};
		18270C371C954B3C00CBCC92 /* Debug */ = {
			isa = XCBuildConfiguration;
			buildSettings = {
				ASSETCATALOG_COMPILER_APPICON_NAME = AppIcon;
				CLANG_ENABLE_MODULES = YES;
				DEVELOPMENT_TEAM = BGQ8WB468K;
				FRAMEWORK_SEARCH_PATHS = "";
				GCC_PRECOMPILE_PREFIX_HEADER = YES;
				GCC_PREFIX_HEADER = TangramKit/TangramKitDemo/TangramKitPrefix.pch;
				INFOPLIST_FILE = "$(SRCROOT)/TangramKitDemo/Info.plist";
				IPHONEOS_DEPLOYMENT_TARGET = 8.0;
				LD_RUNPATH_SEARCH_PATHS = "$(inherited) @executable_path/Frameworks";
				PRODUCT_BUNDLE_IDENTIFIER = com.youngsoft.TangramKit.demo;
				PRODUCT_NAME = TangramKitDemo;
				SWIFT_OBJC_BRIDGING_HEADER = "";
				SWIFT_OPTIMIZATION_LEVEL = "-Onone";
				SWIFT_SWIFT3_OBJC_INFERENCE = On;
				SWIFT_VERSION = 4.0;
			};
			name = Debug;
		};
		18270C381C954B3C00CBCC92 /* Release */ = {
			isa = XCBuildConfiguration;
			buildSettings = {
				ASSETCATALOG_COMPILER_APPICON_NAME = AppIcon;
				CLANG_ENABLE_MODULES = YES;
				DEVELOPMENT_TEAM = BGQ8WB468K;
				FRAMEWORK_SEARCH_PATHS = "";
				GCC_PRECOMPILE_PREFIX_HEADER = YES;
				GCC_PREFIX_HEADER = TangramKit/TangramKitDemo/TangramKitPrefix.pch;
				INFOPLIST_FILE = "$(SRCROOT)/TangramKitDemo/Info.plist";
				IPHONEOS_DEPLOYMENT_TARGET = 8.0;
				LD_RUNPATH_SEARCH_PATHS = "$(inherited) @executable_path/Frameworks";
				PRODUCT_BUNDLE_IDENTIFIER = com.youngsoft.TangramKit.demo;
				PRODUCT_NAME = TangramKitDemo;
				SWIFT_OBJC_BRIDGING_HEADER = "";
				SWIFT_OPTIMIZATION_LEVEL = "-Owholemodule";
				SWIFT_SWIFT3_OBJC_INFERENCE = On;
				SWIFT_VERSION = 4.0;
			};
			name = Release;
		};
		681BD8E51E0B91A500403A1F /* Debug */ = {
			isa = XCBuildConfiguration;
			buildSettings = {
				CLANG_ANALYZER_NONNULL = YES;
				CLANG_ENABLE_MODULES = YES;
				CLANG_WARN_DOCUMENTATION_COMMENTS = YES;
				CODE_SIGN_IDENTITY = "iPhone Developer";
				"CODE_SIGN_IDENTITY[sdk=iphoneos*]" = "";
				CURRENT_PROJECT_VERSION = 1;
				DEFINES_MODULE = YES;
				DEVELOPMENT_TEAM = "";
				DYLIB_COMPATIBILITY_VERSION = 1;
				DYLIB_CURRENT_VERSION = 1;
				DYLIB_INSTALL_NAME_BASE = "@rpath";
				INFOPLIST_FILE = TangramKit/Info.plist;
				INSTALL_PATH = "$(LOCAL_LIBRARY_DIR)/Frameworks";
				IPHONEOS_DEPLOYMENT_TARGET = 8.0;
				LD_RUNPATH_SEARCH_PATHS = "$(inherited) @executable_path/Frameworks @loader_path/Frameworks";
				MACH_O_TYPE = mh_dylib;
				PRODUCT_BUNDLE_IDENTIFIER = com.youngsoft.TangramKit;
				PRODUCT_NAME = "$(TARGET_NAME)";
				SKIP_INSTALL = YES;
				SWIFT_ACTIVE_COMPILATION_CONDITIONS = DEBUG;
				SWIFT_OPTIMIZATION_LEVEL = "-Onone";
				SWIFT_SWIFT3_OBJC_INFERENCE = On;
				SWIFT_VERSION = 4.0;
				VERSIONING_SYSTEM = "apple-generic";
				VERSION_INFO_PREFIX = "";
			};
			name = Debug;
		};
		681BD8E61E0B91A500403A1F /* Release */ = {
			isa = XCBuildConfiguration;
			buildSettings = {
				CLANG_ANALYZER_NONNULL = YES;
				CLANG_ENABLE_MODULES = YES;
				CLANG_WARN_DOCUMENTATION_COMMENTS = YES;
				CODE_SIGN_IDENTITY = "iPhone Developer";
				"CODE_SIGN_IDENTITY[sdk=iphoneos*]" = "";
				CURRENT_PROJECT_VERSION = 1;
				DEFINES_MODULE = YES;
				DEVELOPMENT_TEAM = "";
				DYLIB_COMPATIBILITY_VERSION = 1;
				DYLIB_CURRENT_VERSION = 1;
				DYLIB_INSTALL_NAME_BASE = "@rpath";
				INFOPLIST_FILE = TangramKit/Info.plist;
				INSTALL_PATH = "$(LOCAL_LIBRARY_DIR)/Frameworks";
				IPHONEOS_DEPLOYMENT_TARGET = 8.0;
				LD_RUNPATH_SEARCH_PATHS = "$(inherited) @executable_path/Frameworks @loader_path/Frameworks";
				MACH_O_TYPE = mh_dylib;
				PRODUCT_BUNDLE_IDENTIFIER = com.youngsoft.TangramKit;
				PRODUCT_NAME = "$(TARGET_NAME)";
				SKIP_INSTALL = YES;
				SWIFT_OPTIMIZATION_LEVEL = "-Owholemodule";
				SWIFT_SWIFT3_OBJC_INFERENCE = On;
				SWIFT_VERSION = 4.0;
				VERSIONING_SYSTEM = "apple-generic";
				VERSION_INFO_PREFIX = "";
			};
			name = Release;
		};
/* End XCBuildConfiguration section */

/* Begin XCConfigurationList section */
		18270C1F1C954B3C00CBCC92 /* Build configuration list for PBXProject "TangramKit" */ = {
			isa = XCConfigurationList;
			buildConfigurations = (
				18270C341C954B3C00CBCC92 /* Debug */,
				18270C351C954B3C00CBCC92 /* Release */,
			);
			defaultConfigurationIsVisible = 0;
			defaultConfigurationName = Release;
		};
		18270C361C954B3C00CBCC92 /* Build configuration list for PBXNativeTarget "TangramKitDemo" */ = {
			isa = XCConfigurationList;
			buildConfigurations = (
				18270C371C954B3C00CBCC92 /* Debug */,
				18270C381C954B3C00CBCC92 /* Release */,
			);
			defaultConfigurationIsVisible = 0;
			defaultConfigurationName = Release;
		};
		681BD8E41E0B91A500403A1F /* Build configuration list for PBXNativeTarget "TangramKit" */ = {
			isa = XCConfigurationList;
			buildConfigurations = (
				681BD8E51E0B91A500403A1F /* Debug */,
				681BD8E61E0B91A500403A1F /* Release */,
			);
			defaultConfigurationIsVisible = 0;
			defaultConfigurationName = Release;
		};
/* End XCConfigurationList section */
	};
	rootObject = 18270C1C1C954B3C00CBCC92 /* Project object */;
}
